
Microsoft Visual Studio Solution File, Format Version 12.00
# Visual Studio Version 17
VisualStudioVersion = 17.0.31903.59
MinimumVisualStudioVersion = 10.0.40219.1
Project("{2150E333-8FDC-42A3-9474-1A3956D46DE8}") = "src", "src", "{F36BD266-CD75-4438-9BF9-CD91CDB18F2B}"
EndProject
Project("{2150E333-8FDC-42A3-9474-1A3956D46DE8}") = "test", "test", "{1EF69307-274F-458E-BBE8-4D390512A8C6}"
EndProject
Project("{FAE04EC0-301F-11D3-BF4B-00C04F79EFBC}") = "PaymentGateway.Api.UnitTests", "test\PaymentGateway.Api.UnitTests\PaymentGateway.Api.UnitTests.csproj", "{3A92D8D6-0359-4752-91AE-D8A59622518A}"
EndProject
Project("{FAE04EC0-301F-11D3-BF4B-00C04F79EFBC}") = "PaymentGateway.Api.IntegrationTests", "test\PaymentGateway.Api.IntegrationTests\PaymentGateway.Api.IntegrationTests.csproj", "{334FA294-3E46-4576-BC18-61A21EC80F9E}"
EndProject
Project("{2150E333-8FDC-42A3-9474-1A3956D46DE8}") = "API", "API", "{3C170DDE-CFDE-4D39-91A3-D805F6305511}"
EndProject
Project("{2150E333-8FDC-42A3-9474-1A3956D46DE8}") = "Core", "Core", "{2CD7DB38-575F-4168-9597-AA2D42E960FD}"
EndProject
Project("{2150E333-8FDC-42A3-9474-1A3956D46DE8}") = "Infrastructure", "Infrastructure", "{65B0B318-4AA9-4D85-BC13-A4CD10BB5556}"
EndProject
Project("{FAE04EC0-301F-11D3-BF4B-00C04F79EFBC}") = "PaymentGateway.ApiClient", "src\Infrastructure\PaymentGateway.ApiClient\PaymentGateway.ApiClient.csproj", "{56FD4264-5AF3-46B5-867F-F97D3C064F76}"
EndProject
Project("{FAE04EC0-301F-11D3-BF4B-00C04F79EFBC}") = "PaymentGateway.Persistence", "src\Infrastructure\PaymentGateway.Persistence\PaymentGateway.Persistence.csproj", "{8ABB0C67-0483-49E6-9983-8428D26D1AB3}"
EndProject
Project("{FAE04EC0-301F-11D3-BF4B-00C04F79EFBC}") = "PaymentGateway.Domain", "src\Core\PaymentGateway.Domain\PaymentGateway.Domain.csproj", "{621D2736-3FEF-446B-A023-C05FBF1ABFB1}"
EndProject
Project("{FAE04EC0-301F-11D3-BF4B-00C04F79EFBC}") = "PaymentGateway.Application", "src\Core\PaymentGateway.Application\PaymentGateway.Application.csproj", "{0EA6F21D-F630-4E55-8A0F-C3F82C286812}"
EndProject
Project("{FAE04EC0-301F-11D3-BF4B-00C04F79EFBC}") = "PaymentGateway.Shared", "src\Core\PaymentGateway.Shared\PaymentGateway.Shared.csproj", "{35E713F1-AF77-405B-910A-3AD522F60D33}"
EndProject
Project("{FAE04EC0-301F-11D3-BF4B-00C04F79EFBC}") = "PaymentGateway.Api", "src\Api\PaymentGateway.Api\PaymentGateway.Api.csproj", "{A970019D-E540-4326-9862-4EDFCBC59D34}"
EndProject
Global
	GlobalSection(SolutionConfigurationPlatforms) = preSolution
		Debug|Any CPU = Debug|Any CPU
		Release|Any CPU = Release|Any CPU
	EndGlobalSection
	GlobalSection(SolutionProperties) = preSolution
		HideSolutionNode = FALSE
	EndGlobalSection
	GlobalSection(ProjectConfigurationPlatforms) = postSolution
		{3A92D8D6-0359-4752-91AE-D8A59622518A}.Debug|Any CPU.ActiveCfg = Debug|Any CPU
		{3A92D8D6-0359-4752-91AE-D8A59622518A}.Debug|Any CPU.Build.0 = Debug|Any CPU
		{3A92D8D6-0359-4752-91AE-D8A59622518A}.Release|Any CPU.ActiveCfg = Release|Any CPU
		{3A92D8D6-0359-4752-91AE-D8A59622518A}.Release|Any CPU.Build.0 = Release|Any CPU
		{334FA294-3E46-4576-BC18-61A21EC80F9E}.Debug|Any CPU.ActiveCfg = Debug|Any CPU
		{334FA294-3E46-4576-BC18-61A21EC80F9E}.Debug|Any CPU.Build.0 = Debug|Any CPU
		{334FA294-3E46-4576-BC18-61A21EC80F9E}.Release|Any CPU.ActiveCfg = Release|Any CPU
		{334FA294-3E46-4576-BC18-61A21EC80F9E}.Release|Any CPU.Build.0 = Release|Any CPU
		{56FD4264-5AF3-46B5-867F-F97D3C064F76}.Debug|Any CPU.ActiveCfg = Debug|Any CPU
		{56FD4264-5AF3-46B5-867F-F97D3C064F76}.Debug|Any CPU.Build.0 = Debug|Any CPU
		{56FD4264-5AF3-46B5-867F-F97D3C064F76}.Release|Any CPU.ActiveCfg = Release|Any CPU
		{56FD4264-5AF3-46B5-867F-F97D3C064F76}.Release|Any CPU.Build.0 = Release|Any CPU
		{8ABB0C67-0483-49E6-9983-8428D26D1AB3}.Debug|Any CPU.ActiveCfg = Debug|Any CPU
		{8ABB0C67-0483-49E6-9983-8428D26D1AB3}.Debug|Any CPU.Build.0 = Debug|Any CPU
		{8ABB0C67-0483-49E6-9983-8428D26D1AB3}.Release|Any CPU.ActiveCfg = Release|Any CPU
		{8ABB0C67-0483-49E6-9983-8428D26D1AB3}.Release|Any CPU.Build.0 = Release|Any CPU
		{621D2736-3FEF-446B-A023-C05FBF1ABFB1}.Debug|Any CPU.ActiveCfg = Debug|Any CPU
		{621D2736-3FEF-446B-A023-C05FBF1ABFB1}.Debug|Any CPU.Build.0 = Debug|Any CPU
		{621D2736-3FEF-446B-A023-C05FBF1ABFB1}.Release|Any CPU.ActiveCfg = Release|Any CPU
		{621D2736-3FEF-446B-A023-C05FBF1ABFB1}.Release|Any CPU.Build.0 = Release|Any CPU
		{0EA6F21D-F630-4E55-8A0F-C3F82C286812}.Debug|Any CPU.ActiveCfg = Debug|Any CPU
		{0EA6F21D-F630-4E55-8A0F-C3F82C286812}.Debug|Any CPU.Build.0 = Debug|Any CPU
		{0EA6F21D-F630-4E55-8A0F-C3F82C286812}.Release|Any CPU.ActiveCfg = Release|Any CPU
		{0EA6F21D-F630-4E55-8A0F-C3F82C286812}.Release|Any CPU.Build.0 = Release|Any CPU
		{35E713F1-AF77-405B-910A-3AD522F60D33}.Debug|Any CPU.ActiveCfg = Debug|Any CPU
		{35E713F1-AF77-405B-910A-3AD522F60D33}.Debug|Any CPU.Build.0 = Debug|Any CPU
		{35E713F1-AF77-405B-910A-3AD522F60D33}.Release|Any CPU.ActiveCfg = Release|Any CPU
		{35E713F1-AF77-405B-910A-3AD522F60D33}.Release|Any CPU.Build.0 = Release|Any CPU
		{A970019D-E540-4326-9862-4EDFCBC59D34}.Debug|Any CPU.ActiveCfg = Debug|Any CPU
		{A970019D-E540-4326-9862-4EDFCBC59D34}.Debug|Any CPU.Build.0 = Debug|Any CPU
		{A970019D-E540-4326-9862-4EDFCBC59D34}.Release|Any CPU.ActiveCfg = Release|Any CPU
		{A970019D-E540-4326-9862-4EDFCBC59D34}.Release|Any CPU.Build.0 = Release|Any CPU
	EndGlobalSection
	GlobalSection(NestedProjects) = preSolution
		{3A92D8D6-0359-4752-91AE-D8A59622518A} = {1EF69307-274F-458E-BBE8-4D390512A8C6}
		{334FA294-3E46-4576-BC18-61A21EC80F9E} = {1EF69307-274F-458E-BBE8-4D390512A8C6}
		{3C170DDE-CFDE-4D39-91A3-D805F6305511} = {F36BD266-CD75-4438-9BF9-CD91CDB18F2B}
		{2CD7DB38-575F-4168-9597-AA2D42E960FD} = {F36BD266-CD75-4438-9BF9-CD91CDB18F2B}
		{65B0B318-4AA9-4D85-BC13-A4CD10BB5556} = {F36BD266-CD75-4438-9BF9-CD91CDB18F2B}
		{56FD4264-5AF3-46B5-867F-F97D3C064F76} = {65B0B318-4AA9-4D85-BC13-A4CD10BB5556}
		{8ABB0C67-0483-49E6-9983-8428D26D1AB3} = {65B0B318-4AA9-4D85-BC13-A4CD10BB5556}
		{621D2736-3FEF-446B-A023-C05FBF1ABFB1} = {2CD7DB38-575F-4168-9597-AA2D42E960FD}
		{0EA6F21D-F630-4E55-8A0F-C3F82C286812} = {2CD7DB38-575F-4168-9597-AA2D42E960FD}
		{35E713F1-AF77-405B-910A-3AD522F60D33} = {2CD7DB38-575F-4168-9597-AA2D42E960FD}
		{A970019D-E540-4326-9862-4EDFCBC59D34} = {3C170DDE-CFDE-4D39-91A3-D805F6305511}
	EndGlobalSection
EndGlobal
